
Microsoft Visual Studio Solution File, Format Version 12.00
# Visual Studio Version 16
VisualStudioVersion = 16.0.32106.194
MinimumVisualStudioVersion = 10.0.40219.1
Project("{FAE04EC0-301F-11D3-BF4B-00C04F79EFBC}") = "Cozy.WebUI", "Cozy.WebUI\Cozy.WebUI.csproj", "{23D997D5-195F-4AF1-9F60-96B7EF47151B}"
EndProject
Project("{FAE04EC0-301F-11D3-BF4B-00C04F79EFBC}") = "Cozy.Domain", "Cozy.Domain\Cozy.Domain.csproj", "{DD64A67A-891F-4537-B9C1-1858653950E5}"
EndProject
Global
	GlobalSection(SolutionConfigurationPlatforms) = preSolution
		Debug|Any CPU = Debug|Any CPU
		Release|Any CPU = Release|Any CPU
	EndGlobalSection
	GlobalSection(ProjectConfigurationPlatforms) = postSolution
		{23D997D5-195F-4AF1-9F60-96B7EF47151B}.Debug|Any CPU.ActiveCfg = Debug|Any CPU
		{23D997D5-195F-4AF1-9F60-96B7EF47151B}.Debug|Any CPU.Build.0 = Debug|Any CPU
		{23D997D5-195F-4AF1-9F60-96B7EF47151B}.Release|Any CPU.ActiveCfg = Release|Any CPU
		{23D997D5-195F-4AF1-9F60-96B7EF47151B}.Release|Any CPU.Build.0 = Release|Any CPU
		{DD64A67A-891F-4537-B9C1-1858653950E5}.Debug|Any CPU.ActiveCfg = Debug|Any CPU
		{DD64A67A-891F-4537-B9C1-1858653950E5}.Debug|Any CPU.Build.0 = Debug|Any CPU
		{DD64A67A-891F-4537-B9C1-1858653950E5}.Release|Any CPU.ActiveCfg = Release|Any CPU
		{DD64A67A-891F-4537-B9C1-1858653950E5}.Release|Any CPU.Build.0 = Release|Any CPU
	EndGlobalSection
	GlobalSection(SolutionProperties) = preSolution
		HideSolutionNode = FALSE
	EndGlobalSection
	GlobalSection(ExtensibilityGlobals) = postSolution
		SolutionGuid = {FC0B4A52-0290-4F2F-A0EB-5E8FDEDA4E9A}
	EndGlobalSection
EndGlobal
